// !$*UTF8*$!
{
	archiveVersion = 1;
	classes = {
	};
	objectVersion = 56;
	objects = {

/* Begin PBXBuildFile section */
		293E0E8E2C6C62A00062C2AD /* FCNavigationButton.swift in Sources */ = {isa = PBXBuildFile; fileRef = 293E0E8D2C6C62A00062C2AD /* FCNavigationButton.swift */; };
		293E0E922C6C64DD0062C2AD /* QuizTop.swift in Sources */ = {isa = PBXBuildFile; fileRef = 293E0E912C6C64DD0062C2AD /* QuizTop.swift */; };
		293E0E942C6C67420062C2AD /* ConfirmationView.swift in Sources */ = {isa = PBXBuildFile; fileRef = 293E0E932C6C67420062C2AD /* ConfirmationView.swift */; };
		293E0E962C6C701A0062C2AD /* TalkingView.swift in Sources */ = {isa = PBXBuildFile; fileRef = 293E0E952C6C701A0062C2AD /* TalkingView.swift */; };
		293E0E982C6CCFDD0062C2AD /* TalkingAnimation.swift in Sources */ = {isa = PBXBuildFile; fileRef = 293E0E972C6CCFDD0062C2AD /* TalkingAnimation.swift */; };
		293E0E9A2C6CD00D0062C2AD /* TalkingAnimationProtocol.swift in Sources */ = {isa = PBXBuildFile; fileRef = 293E0E992C6CD00D0062C2AD /* TalkingAnimationProtocol.swift */; };
		293E0EA92C6CEDC20062C2AD /* BubbleChat.swift in Sources */ = {isa = PBXBuildFile; fileRef = 293E0EA82C6CEDC20062C2AD /* BubbleChat.swift */; };
		293E0EAB2C6CF8A30062C2AD /* BubbleChatTail.swift in Sources */ = {isa = PBXBuildFile; fileRef = 293E0EAA2C6CF8A30062C2AD /* BubbleChatTail.swift */; };
		293E0EB92C6DAD1E0062C2AD /* HXDTests.swift in Sources */ = {isa = PBXBuildFile; fileRef = 293E0EB82C6DAD1E0062C2AD /* HXDTests.swift */; };
		293E0EC02C6DB1B20062C2AD /* APIResponse.swift in Sources */ = {isa = PBXBuildFile; fileRef = 293E0EBF2C6DB1B20062C2AD /* APIResponse.swift */; };
		293E0EC32C6DB1BC0062C2AD /* HuggingFace.swift in Sources */ = {isa = PBXBuildFile; fileRef = 293E0EC12C6DB1BC0062C2AD /* HuggingFace.swift */; };
		293E0EC62C6DB1CB0062C2AD /* Recorder.swift in Sources */ = {isa = PBXBuildFile; fileRef = 293E0EC42C6DB1CB0062C2AD /* Recorder.swift */; };
		293E0EC82C6DC9560062C2AD /* StoryModel.swift in Sources */ = {isa = PBXBuildFile; fileRef = 293E0EC72C6DC9560062C2AD /* StoryModel.swift */; };
		293E0ECA2C6DCA470062C2AD /* FetchJSON.swift in Sources */ = {isa = PBXBuildFile; fileRef = 293E0EC92C6DCA470062C2AD /* FetchJSON.swift */; };
		293E0ED42C6EFCC00062C2AD /* HomePage.swift in Sources */ = {isa = PBXBuildFile; fileRef = 293E0ED22C6EFCC00062C2AD /* HomePage.swift */; };
		293E0ED62C6EFCC90062C2AD /* HomeCard.swift in Sources */ = {isa = PBXBuildFile; fileRef = 293E0ED52C6EFCC90062C2AD /* HomeCard.swift */; };
		293E0ED82C6EFCD20062C2AD /* RectangleButton.swift in Sources */ = {isa = PBXBuildFile; fileRef = 293E0ED72C6EFCD20062C2AD /* RectangleButton.swift */; };
		293E0EDE2C706B230062C2AD /* quizpage.json in Resources */ = {isa = PBXBuildFile; fileRef = 293E0EDD2C706B230062C2AD /* quizpage.json */; };
		293E0EE42C72FAC70062C2AD /* StoryView.swift in Sources */ = {isa = PBXBuildFile; fileRef = 293E0EE32C72FAC70062C2AD /* StoryView.swift */; };
		293E0EE62C72FAD00062C2AD /* StoryViewModel.swift in Sources */ = {isa = PBXBuildFile; fileRef = 293E0EE52C72FAD00062C2AD /* StoryViewModel.swift */; };
		29B12C952C631A7B008FEAF4 /* SpeechRecognizer.swift in Sources */ = {isa = PBXBuildFile; fileRef = 29B12C942C631A7B008FEAF4 /* SpeechRecognizer.swift */; };
		29B12C9B2C632B85008FEAF4 /* SpeechRecognizerProtocol.swift in Sources */ = {isa = PBXBuildFile; fileRef = 29B12C9A2C632B85008FEAF4 /* SpeechRecognizerProtocol.swift */; };
		29B12C9D2C6466AE008FEAF4 /* HanziToPinyin.swift in Sources */ = {isa = PBXBuildFile; fileRef = 29B12C9C2C6466AE008FEAF4 /* HanziToPinyin.swift */; };
		29B12CA02C6467A1008FEAF4 /* HanziPinyin.swift in Sources */ = {isa = PBXBuildFile; fileRef = 29B12C9F2C6467A1008FEAF4 /* HanziPinyin.swift */; };
		29B12CA22C6467D0008FEAF4 /* PinyinFormatter.swift in Sources */ = {isa = PBXBuildFile; fileRef = 29B12CA12C6467D0008FEAF4 /* PinyinFormatter.swift */; };
		29B12CA52C6468C0008FEAF4 /* HanziPinyinResources.swift in Sources */ = {isa = PBXBuildFile; fileRef = 29B12CA42C6468C0008FEAF4 /* HanziPinyinResources.swift */; };
		29B12CA92C646AE9008FEAF4 /* unicode_to_hanyu_pinyin.txt in Resources */ = {isa = PBXBuildFile; fileRef = 29B12CA72C646AE9008FEAF4 /* unicode_to_hanyu_pinyin.txt */; };
		29B12CAC2C64CA9D008FEAF4 /* AVFoundation.framework in Frameworks */ = {isa = PBXBuildFile; fileRef = 29B12CAB2C64CA9C008FEAF4 /* AVFoundation.framework */; };
		29B12CAE2C64CABD008FEAF4 /* TextToSpeech.swift in Sources */ = {isa = PBXBuildFile; fileRef = 29B12CAD2C64CABD008FEAF4 /* TextToSpeech.swift */; };
		29B12CB02C64D1F0008FEAF4 /* TextToSpeechProtocol.swift in Sources */ = {isa = PBXBuildFile; fileRef = 29B12CAF2C64D1F0008FEAF4 /* TextToSpeechProtocol.swift */; };
		29B12CB22C65BFF5008FEAF4 /* Wrong.swift in Sources */ = {isa = PBXBuildFile; fileRef = 29B12CB12C65BFF5008FEAF4 /* Wrong.swift */; };
		29B12D0A2C6B2909008FEAF4 /* BackButton.swift in Sources */ = {isa = PBXBuildFile; fileRef = 29B12D092C6B2909008FEAF4 /* BackButton.swift */; };
		29B12D0D2C6B2A53008FEAF4 /* QuizHanzi.swift in Sources */ = {isa = PBXBuildFile; fileRef = 29B12D0C2C6B2A53008FEAF4 /* QuizHanzi.swift */; };
		29B12D0F2C6B2B8B008FEAF4 /* RectangleChoose.swift in Sources */ = {isa = PBXBuildFile; fileRef = 29B12D0E2C6B2B8B008FEAF4 /* RectangleChoose.swift */; };
		29B12D122C6B9409008FEAF4 /* QuizPage.swift in Sources */ = {isa = PBXBuildFile; fileRef = 29B12D112C6B9409008FEAF4 /* QuizPage.swift */; };
		29B12D142C6B9E7A008FEAF4 /* HandleButtonClick.swift in Sources */ = {isa = PBXBuildFile; fileRef = 29B12D132C6B9E7A008FEAF4 /* HandleButtonClick.swift */; };
		29B12D162C6C4E64008FEAF4 /* FlashcardButton.swift in Sources */ = {isa = PBXBuildFile; fileRef = 29B12D152C6C4E64008FEAF4 /* FlashcardButton.swift */; };
		29EBBBC62C5BAB0600AFCD60 /* HXDApp.swift in Sources */ = {isa = PBXBuildFile; fileRef = 29EBBBC52C5BAB0600AFCD60 /* HXDApp.swift */; };
		29EBBBC82C5BAB0600AFCD60 /* ContentView.swift in Sources */ = {isa = PBXBuildFile; fileRef = 29EBBBC72C5BAB0600AFCD60 /* ContentView.swift */; };
		29EBBBCA2C5BAB0700AFCD60 /* Assets.xcassets in Resources */ = {isa = PBXBuildFile; fileRef = 29EBBBC92C5BAB0700AFCD60 /* Assets.xcassets */; };
		29EBBBCD2C5BAB0700AFCD60 /* Preview Assets.xcassets in Resources */ = {isa = PBXBuildFile; fileRef = 29EBBBCC2C5BAB0700AFCD60 /* Preview Assets.xcassets */; };
		29EBBBD72C5BABF000AFCD60 /* Correct.swift in Sources */ = {isa = PBXBuildFile; fileRef = 29EBBBD62C5BABF000AFCD60 /* Correct.swift */; };
		29EBBBD92C5BABFB00AFCD60 /* ViewModel.swift in Sources */ = {isa = PBXBuildFile; fileRef = 29EBBBD82C5BABFB00AFCD60 /* ViewModel.swift */; };
		29EBBBDB2C5BAC0D00AFCD60 /* PinyinOutputFormat.swift in Sources */ = {isa = PBXBuildFile; fileRef = 29EBBBDA2C5BAC0D00AFCD60 /* PinyinOutputFormat.swift */; };
		323B23952C7239A200A3403E /* RecordViewController.swift in Sources */ = {isa = PBXBuildFile; fileRef = 323B23942C7239A200A3403E /* RecordViewController.swift */; };
		323B23972C723A0700A3403E /* RecordViewWrapper.swift in Sources */ = {isa = PBXBuildFile; fileRef = 323B23962C723A0700A3403E /* RecordViewWrapper.swift */; };
		323B23992C723A3300A3403E /* RecordView.swift in Sources */ = {isa = PBXBuildFile; fileRef = 323B23982C723A3300A3403E /* RecordView.swift */; };
		323B239B2C723B1200A3403E /* RecordingView.swift in Sources */ = {isa = PBXBuildFile; fileRef = 323B239A2C723B1200A3403E /* RecordingView.swift */; };
		3252BD802C6CAD1800CE8CEE /* UpperButtons.swift in Sources */ = {isa = PBXBuildFile; fileRef = 3252BD7F2C6CAD1800CE8CEE /* UpperButtons.swift */; };
		3252BDA42C6CFB8A00CE8CEE /* OnboardingPage.swift in Sources */ = {isa = PBXBuildFile; fileRef = 3252BDA32C6CFB8A00CE8CEE /* OnboardingPage.swift */; };
		3252BDA62C6D0A4000CE8CEE /* BubbleChatNext.swift in Sources */ = {isa = PBXBuildFile; fileRef = 3252BDA52C6D0A4000CE8CEE /* BubbleChatNext.swift */; };
		32714E4B2C6A443500EE6486 /* FlashcardView.swift in Sources */ = {isa = PBXBuildFile; fileRef = 32714E4A2C6A443500EE6486 /* FlashcardView.swift */; };
		32714E4D2C6A46FC00EE6486 /* FlashcardViewModel.swift in Sources */ = {isa = PBXBuildFile; fileRef = 32714E4C2C6A46FC00EE6486 /* FlashcardViewModel.swift */; };
		32714E4F2C6A47EE00EE6486 /* FlashcardListView.swift in Sources */ = {isa = PBXBuildFile; fileRef = 32714E4E2C6A47EE00EE6486 /* FlashcardListView.swift */; };
		32714E522C6A4F6E00EE6486 /* SoundButton.swift in Sources */ = {isa = PBXBuildFile; fileRef = 32714E512C6A4F6E00EE6486 /* SoundButton.swift */; };
		32714E552C6A539A00EE6486 /* FlashcardSwipeView.swift in Sources */ = {isa = PBXBuildFile; fileRef = 32714E542C6A539A00EE6486 /* FlashcardSwipeView.swift */; };
/* End PBXBuildFile section */

/* Begin PBXContainerItemProxy section */
		293E0EBA2C6DAD1E0062C2AD /* PBXContainerItemProxy */ = {
			isa = PBXContainerItemProxy;
			containerPortal = 29EBBBBA2C5BAB0600AFCD60 /* Project object */;
			proxyType = 1;
			remoteGlobalIDString = 29EBBBC12C5BAB0600AFCD60;
			remoteInfo = HXD;
		};
/* End PBXContainerItemProxy section */

/* Begin PBXFileReference section */
		293E0E8D2C6C62A00062C2AD /* FCNavigationButton.swift */ = {isa = PBXFileReference; fileEncoding = 4; lastKnownFileType = sourcecode.swift; path = FCNavigationButton.swift; sourceTree = "<group>"; };
		293E0E912C6C64DD0062C2AD /* QuizTop.swift */ = {isa = PBXFileReference; lastKnownFileType = sourcecode.swift; path = QuizTop.swift; sourceTree = "<group>"; };
		293E0E932C6C67420062C2AD /* ConfirmationView.swift */ = {isa = PBXFileReference; lastKnownFileType = sourcecode.swift; path = ConfirmationView.swift; sourceTree = "<group>"; };
		293E0E952C6C701A0062C2AD /* TalkingView.swift */ = {isa = PBXFileReference; lastKnownFileType = sourcecode.swift; path = TalkingView.swift; sourceTree = "<group>"; };
		293E0E972C6CCFDD0062C2AD /* TalkingAnimation.swift */ = {isa = PBXFileReference; lastKnownFileType = sourcecode.swift; path = TalkingAnimation.swift; sourceTree = "<group>"; };
		293E0E992C6CD00D0062C2AD /* TalkingAnimationProtocol.swift */ = {isa = PBXFileReference; lastKnownFileType = sourcecode.swift; path = TalkingAnimationProtocol.swift; sourceTree = "<group>"; };
		293E0EA82C6CEDC20062C2AD /* BubbleChat.swift */ = {isa = PBXFileReference; lastKnownFileType = sourcecode.swift; path = BubbleChat.swift; sourceTree = "<group>"; };
		293E0EAA2C6CF8A30062C2AD /* BubbleChatTail.swift */ = {isa = PBXFileReference; lastKnownFileType = sourcecode.swift; path = BubbleChatTail.swift; sourceTree = "<group>"; };
		293E0EB62C6DAD1E0062C2AD /* HXDTests.xctest */ = {isa = PBXFileReference; explicitFileType = wrapper.cfbundle; includeInIndex = 0; path = HXDTests.xctest; sourceTree = BUILT_PRODUCTS_DIR; };
		293E0EB82C6DAD1E0062C2AD /* HXDTests.swift */ = {isa = PBXFileReference; lastKnownFileType = sourcecode.swift; path = HXDTests.swift; sourceTree = "<group>"; };
		293E0EBF2C6DB1B20062C2AD /* APIResponse.swift */ = {isa = PBXFileReference; fileEncoding = 4; lastKnownFileType = sourcecode.swift; path = APIResponse.swift; sourceTree = "<group>"; };
		293E0EC12C6DB1BC0062C2AD /* HuggingFace.swift */ = {isa = PBXFileReference; fileEncoding = 4; lastKnownFileType = sourcecode.swift; path = HuggingFace.swift; sourceTree = "<group>"; };
		293E0EC42C6DB1CB0062C2AD /* Recorder.swift */ = {isa = PBXFileReference; fileEncoding = 4; lastKnownFileType = sourcecode.swift; path = Recorder.swift; sourceTree = "<group>"; };
		293E0EC72C6DC9560062C2AD /* StoryModel.swift */ = {isa = PBXFileReference; lastKnownFileType = sourcecode.swift; path = StoryModel.swift; sourceTree = "<group>"; };
		293E0EC92C6DCA470062C2AD /* FetchJSON.swift */ = {isa = PBXFileReference; lastKnownFileType = sourcecode.swift; path = FetchJSON.swift; sourceTree = "<group>"; };
		293E0ED22C6EFCC00062C2AD /* HomePage.swift */ = {isa = PBXFileReference; fileEncoding = 4; lastKnownFileType = sourcecode.swift; path = HomePage.swift; sourceTree = "<group>"; };
		293E0ED52C6EFCC90062C2AD /* HomeCard.swift */ = {isa = PBXFileReference; fileEncoding = 4; lastKnownFileType = sourcecode.swift; path = HomeCard.swift; sourceTree = "<group>"; };
		293E0ED72C6EFCD20062C2AD /* RectangleButton.swift */ = {isa = PBXFileReference; fileEncoding = 4; lastKnownFileType = sourcecode.swift; path = RectangleButton.swift; sourceTree = "<group>"; };
		293E0EDD2C706B230062C2AD /* quizpage.json */ = {isa = PBXFileReference; fileEncoding = 4; lastKnownFileType = text.json; path = quizpage.json; sourceTree = "<group>"; };
		293E0EE32C72FAC70062C2AD /* StoryView.swift */ = {isa = PBXFileReference; lastKnownFileType = sourcecode.swift; path = StoryView.swift; sourceTree = "<group>"; };
		293E0EE52C72FAD00062C2AD /* StoryViewModel.swift */ = {isa = PBXFileReference; lastKnownFileType = sourcecode.swift; path = StoryViewModel.swift; sourceTree = "<group>"; };
		29B12C942C631A7B008FEAF4 /* SpeechRecognizer.swift */ = {isa = PBXFileReference; lastKnownFileType = sourcecode.swift; path = SpeechRecognizer.swift; sourceTree = "<group>"; };
		29B12C9A2C632B85008FEAF4 /* SpeechRecognizerProtocol.swift */ = {isa = PBXFileReference; lastKnownFileType = sourcecode.swift; path = SpeechRecognizerProtocol.swift; sourceTree = "<group>"; };
		29B12C9C2C6466AE008FEAF4 /* HanziToPinyin.swift */ = {isa = PBXFileReference; lastKnownFileType = sourcecode.swift; path = HanziToPinyin.swift; sourceTree = "<group>"; };
		29B12C9F2C6467A1008FEAF4 /* HanziPinyin.swift */ = {isa = PBXFileReference; lastKnownFileType = sourcecode.swift; path = HanziPinyin.swift; sourceTree = "<group>"; };
		29B12CA12C6467D0008FEAF4 /* PinyinFormatter.swift */ = {isa = PBXFileReference; lastKnownFileType = sourcecode.swift; path = PinyinFormatter.swift; sourceTree = "<group>"; };
		29B12CA42C6468C0008FEAF4 /* HanziPinyinResources.swift */ = {isa = PBXFileReference; lastKnownFileType = sourcecode.swift; path = HanziPinyinResources.swift; sourceTree = "<group>"; };
		29B12CA72C646AE9008FEAF4 /* unicode_to_hanyu_pinyin.txt */ = {isa = PBXFileReference; fileEncoding = 4; lastKnownFileType = text; path = unicode_to_hanyu_pinyin.txt; sourceTree = "<group>"; };
		29B12CAB2C64CA9C008FEAF4 /* AVFoundation.framework */ = {isa = PBXFileReference; lastKnownFileType = wrapper.framework; name = AVFoundation.framework; path = System/Library/Frameworks/AVFoundation.framework; sourceTree = SDKROOT; };
		29B12CAD2C64CABD008FEAF4 /* TextToSpeech.swift */ = {isa = PBXFileReference; lastKnownFileType = sourcecode.swift; path = TextToSpeech.swift; sourceTree = "<group>"; };
		29B12CAF2C64D1F0008FEAF4 /* TextToSpeechProtocol.swift */ = {isa = PBXFileReference; lastKnownFileType = sourcecode.swift; path = TextToSpeechProtocol.swift; sourceTree = "<group>"; };
		29B12CB12C65BFF5008FEAF4 /* Wrong.swift */ = {isa = PBXFileReference; lastKnownFileType = sourcecode.swift; path = Wrong.swift; sourceTree = "<group>"; };
		29B12D092C6B2909008FEAF4 /* BackButton.swift */ = {isa = PBXFileReference; lastKnownFileType = sourcecode.swift; path = BackButton.swift; sourceTree = "<group>"; };
		29B12D0C2C6B2A53008FEAF4 /* QuizHanzi.swift */ = {isa = PBXFileReference; lastKnownFileType = sourcecode.swift; path = QuizHanzi.swift; sourceTree = "<group>"; };
		29B12D0E2C6B2B8B008FEAF4 /* RectangleChoose.swift */ = {isa = PBXFileReference; lastKnownFileType = sourcecode.swift; path = RectangleChoose.swift; sourceTree = "<group>"; };
		29B12D112C6B9409008FEAF4 /* QuizPage.swift */ = {isa = PBXFileReference; lastKnownFileType = sourcecode.swift; path = QuizPage.swift; sourceTree = "<group>"; };
		29B12D132C6B9E7A008FEAF4 /* HandleButtonClick.swift */ = {isa = PBXFileReference; lastKnownFileType = sourcecode.swift; path = HandleButtonClick.swift; sourceTree = "<group>"; };
		29B12D152C6C4E64008FEAF4 /* FlashcardButton.swift */ = {isa = PBXFileReference; lastKnownFileType = sourcecode.swift; path = FlashcardButton.swift; sourceTree = "<group>"; };
		29EBBBC22C5BAB0600AFCD60 /* HXD.app */ = {isa = PBXFileReference; explicitFileType = wrapper.application; includeInIndex = 0; path = HXD.app; sourceTree = BUILT_PRODUCTS_DIR; };
		29EBBBC52C5BAB0600AFCD60 /* HXDApp.swift */ = {isa = PBXFileReference; lastKnownFileType = sourcecode.swift; path = HXDApp.swift; sourceTree = "<group>"; };
		29EBBBC72C5BAB0600AFCD60 /* ContentView.swift */ = {isa = PBXFileReference; lastKnownFileType = sourcecode.swift; path = ContentView.swift; sourceTree = "<group>"; };
		29EBBBC92C5BAB0700AFCD60 /* Assets.xcassets */ = {isa = PBXFileReference; lastKnownFileType = folder.assetcatalog; path = Assets.xcassets; sourceTree = "<group>"; };
		29EBBBCC2C5BAB0700AFCD60 /* Preview Assets.xcassets */ = {isa = PBXFileReference; lastKnownFileType = folder.assetcatalog; path = "Preview Assets.xcassets"; sourceTree = "<group>"; };
		29EBBBD62C5BABF000AFCD60 /* Correct.swift */ = {isa = PBXFileReference; lastKnownFileType = sourcecode.swift; name = Correct.swift; path = HXD/Views/Reuseable/Feedback/Correct.swift; sourceTree = SOURCE_ROOT; };
		29EBBBD82C5BABFB00AFCD60 /* ViewModel.swift */ = {isa = PBXFileReference; lastKnownFileType = sourcecode.swift; path = ViewModel.swift; sourceTree = "<group>"; };
		29EBBBDA2C5BAC0D00AFCD60 /* PinyinOutputFormat.swift */ = {isa = PBXFileReference; lastKnownFileType = sourcecode.swift; path = PinyinOutputFormat.swift; sourceTree = "<group>"; };
		323B23942C7239A200A3403E /* RecordViewController.swift */ = {isa = PBXFileReference; lastKnownFileType = sourcecode.swift; path = RecordViewController.swift; sourceTree = "<group>"; };
		323B23962C723A0700A3403E /* RecordViewWrapper.swift */ = {isa = PBXFileReference; lastKnownFileType = sourcecode.swift; path = RecordViewWrapper.swift; sourceTree = "<group>"; };
		323B23982C723A3300A3403E /* RecordView.swift */ = {isa = PBXFileReference; lastKnownFileType = sourcecode.swift; path = RecordView.swift; sourceTree = "<group>"; };
		323B239A2C723B1200A3403E /* RecordingView.swift */ = {isa = PBXFileReference; lastKnownFileType = sourcecode.swift; path = RecordingView.swift; sourceTree = "<group>"; };
		3252BD7F2C6CAD1800CE8CEE /* UpperButtons.swift */ = {isa = PBXFileReference; lastKnownFileType = sourcecode.swift; path = UpperButtons.swift; sourceTree = "<group>"; };
		3252BDA32C6CFB8A00CE8CEE /* OnboardingPage.swift */ = {isa = PBXFileReference; lastKnownFileType = sourcecode.swift; name = OnboardingPage.swift; path = HXD/Views/OnboardingPage/Scene1_School/OnboardingPage.swift; sourceTree = SOURCE_ROOT; };
		3252BDA52C6D0A4000CE8CEE /* BubbleChatNext.swift */ = {isa = PBXFileReference; lastKnownFileType = sourcecode.swift; path = BubbleChatNext.swift; sourceTree = "<group>"; };
		32714E4A2C6A443500EE6486 /* FlashcardView.swift */ = {isa = PBXFileReference; lastKnownFileType = sourcecode.swift; path = FlashcardView.swift; sourceTree = "<group>"; };
		32714E4C2C6A46FC00EE6486 /* FlashcardViewModel.swift */ = {isa = PBXFileReference; lastKnownFileType = sourcecode.swift; path = FlashcardViewModel.swift; sourceTree = "<group>"; };
		32714E4E2C6A47EE00EE6486 /* FlashcardListView.swift */ = {isa = PBXFileReference; lastKnownFileType = sourcecode.swift; path = FlashcardListView.swift; sourceTree = "<group>"; };
		32714E512C6A4F6E00EE6486 /* SoundButton.swift */ = {isa = PBXFileReference; lastKnownFileType = sourcecode.swift; path = SoundButton.swift; sourceTree = "<group>"; };
		32714E542C6A539A00EE6486 /* FlashcardSwipeView.swift */ = {isa = PBXFileReference; lastKnownFileType = sourcecode.swift; path = FlashcardSwipeView.swift; sourceTree = "<group>"; };
/* End PBXFileReference section */

/* Begin PBXFrameworksBuildPhase section */
		293E0EB32C6DAD1E0062C2AD /* Frameworks */ = {
			isa = PBXFrameworksBuildPhase;
			buildActionMask = 2147483647;
			files = (
			);
			runOnlyForDeploymentPostprocessing = 0;
		};
		29EBBBBF2C5BAB0600AFCD60 /* Frameworks */ = {
			isa = PBXFrameworksBuildPhase;
			buildActionMask = 2147483647;
			files = (
				29B12CAC2C64CA9D008FEAF4 /* AVFoundation.framework in Frameworks */,
			);
			runOnlyForDeploymentPostprocessing = 0;
		};
/* End PBXFrameworksBuildPhase section */

/* Begin PBXGroup section */
		293E0EA52C6CEB670062C2AD /* OnBoardingPage */ = {
			isa = PBXGroup;
			children = (
				3252BDA22C6CFB5500CE8CEE /* Scene1_School */,
			);
			path = OnBoardingPage;
			sourceTree = "<group>";
		};
		293E0EB72C6DAD1E0062C2AD /* HXDTests */ = {
			isa = PBXGroup;
			children = (
				293E0EB82C6DAD1E0062C2AD /* HXDTests.swift */,
			);
			path = HXDTests;
			sourceTree = "<group>";
		};
		293E0EC22C6DB1BC0062C2AD /* HuggingFace */ = {
			isa = PBXGroup;
			children = (
				293E0EC12C6DB1BC0062C2AD /* HuggingFace.swift */,
			);
			path = HuggingFace;
			sourceTree = "<group>";
		};
		293E0EC52C6DB1CB0062C2AD /* Recorder */ = {
			isa = PBXGroup;
			children = (
				293E0EC42C6DB1CB0062C2AD /* Recorder.swift */,
			);
			path = Recorder;
			sourceTree = "<group>";
		};
		293E0ED32C6EFCC00062C2AD /* HomePage */ = {
			isa = PBXGroup;
			children = (
				293E0ED22C6EFCC00062C2AD /* HomePage.swift */,
			);
			path = HomePage;
			sourceTree = "<group>";
		};
		29B12C992C632B68008FEAF4 /* Protocols */ = {
			isa = PBXGroup;
			children = (
				29B12C9A2C632B85008FEAF4 /* SpeechRecognizerProtocol.swift */,
				29B12CAF2C64D1F0008FEAF4 /* TextToSpeechProtocol.swift */,
				293E0E992C6CD00D0062C2AD /* TalkingAnimationProtocol.swift */,
			);
			path = Protocols;
			sourceTree = "<group>";
		};
		29B12C9E2C6466D9008FEAF4 /* Services */ = {
			isa = PBXGroup;
			children = (
				293E0EC52C6DB1CB0062C2AD /* Recorder */,
				293E0EC22C6DB1BC0062C2AD /* HuggingFace */,
				29B12CA62C6469F3008FEAF4 /* HanzitoPinyin */,
				29B12C942C631A7B008FEAF4 /* SpeechRecognizer.swift */,
				29B12CAD2C64CABD008FEAF4 /* TextToSpeech.swift */,
				29B12D132C6B9E7A008FEAF4 /* HandleButtonClick.swift */,
				293E0E972C6CCFDD0062C2AD /* TalkingAnimation.swift */,
				293E0EC92C6DCA470062C2AD /* FetchJSON.swift */,
			);
			path = Services;
			sourceTree = "<group>";
		};
		29B12CA32C6468B5008FEAF4 /* Resources */ = {
			isa = PBXGroup;
			children = (
				29B12CA42C6468C0008FEAF4 /* HanziPinyinResources.swift */,
				29B12CA72C646AE9008FEAF4 /* unicode_to_hanyu_pinyin.txt */,
			);
			path = Resources;
			sourceTree = "<group>";
		};
		29B12CA62C6469F3008FEAF4 /* HanzitoPinyin */ = {
			isa = PBXGroup;
			children = (
				29B12C9C2C6466AE008FEAF4 /* HanziToPinyin.swift */,
				29B12C9F2C6467A1008FEAF4 /* HanziPinyin.swift */,
				29B12CA12C6467D0008FEAF4 /* PinyinFormatter.swift */,
			);
			path = HanzitoPinyin;
			sourceTree = "<group>";
		};
		29B12CAA2C64CA9C008FEAF4 /* Frameworks */ = {
			isa = PBXGroup;
			children = (
				29B12CAB2C64CA9C008FEAF4 /* AVFoundation.framework */,
			);
			name = Frameworks;
			sourceTree = "<group>";
		};
		29B12D0B2C6B2A3C008FEAF4 /* Reuseable */ = {
			isa = PBXGroup;
			children = (
				323B23A02C724BAC00A3403E /* Feedback */,
				323B239F2C724B9D00A3403E /* Quiz */,
				323B239E2C724B5800A3403E /* Animation */,
				323B239D2C724B2500A3403E /* Bubble */,
				323B239C2C724AA900A3403E /* Recording */,
				293E0ED72C6EFCD20062C2AD /* RectangleButton.swift */,
				293E0ED52C6EFCC90062C2AD /* HomeCard.swift */,
				293E0E932C6C67420062C2AD /* ConfirmationView.swift */,
			);
			path = Reuseable;
			sourceTree = "<group>";
		};
		29B12D102C6B93F7008FEAF4 /* QuizPage */ = {
			isa = PBXGroup;
			children = (
				29B12D112C6B9409008FEAF4 /* QuizPage.swift */,
				293E0E912C6C64DD0062C2AD /* QuizTop.swift */,
			);
			path = QuizPage;
			sourceTree = "<group>";
		};
		29EBBBB92C5BAB0600AFCD60 = {
			isa = PBXGroup;
			children = (
				29EBBBC42C5BAB0600AFCD60 /* HXD */,
				293E0EB72C6DAD1E0062C2AD /* HXDTests */,
				29EBBBC32C5BAB0600AFCD60 /* Products */,
				29B12CAA2C64CA9C008FEAF4 /* Frameworks */,
			);
			sourceTree = "<group>";
		};
		29EBBBC32C5BAB0600AFCD60 /* Products */ = {
			isa = PBXGroup;
			children = (
				29EBBBC22C5BAB0600AFCD60 /* HXD.app */,
				293E0EB62C6DAD1E0062C2AD /* HXDTests.xctest */,
			);
			name = Products;
			sourceTree = "<group>";
		};
		29EBBBC42C5BAB0600AFCD60 /* HXD */ = {
			isa = PBXGroup;
			children = (
				293E0EDD2C706B230062C2AD /* quizpage.json */,
				323B23932C72397600A3403E /* Controllers */,
				29B12CA32C6468B5008FEAF4 /* Resources */,
				29B12C9E2C6466D9008FEAF4 /* Services */,
				29B12C992C632B68008FEAF4 /* Protocols */,
				29EBBBD32C5BAB3E00AFCD60 /* Views */,
				29EBBBD42C5BAB4400AFCD60 /* ViewModels */,
				29EBBBD52C5BAB4E00AFCD60 /* Models */,
				29EBBBC52C5BAB0600AFCD60 /* HXDApp.swift */,
				29EBBBC72C5BAB0600AFCD60 /* ContentView.swift */,
				29EBBBC92C5BAB0700AFCD60 /* Assets.xcassets */,
				29EBBBCB2C5BAB0700AFCD60 /* Preview Content */,
			);
			path = HXD;
			sourceTree = "<group>";
		};
		29EBBBCB2C5BAB0700AFCD60 /* Preview Content */ = {
			isa = PBXGroup;
			children = (
				29EBBBCC2C5BAB0700AFCD60 /* Preview Assets.xcassets */,
			);
			path = "Preview Content";
			sourceTree = "<group>";
		};
		29EBBBD32C5BAB3E00AFCD60 /* Views */ = {
			isa = PBXGroup;
			children = (
				293E0ED32C6EFCC00062C2AD /* HomePage */,
				293E0EA52C6CEB670062C2AD /* OnBoardingPage */,
				29B12D102C6B93F7008FEAF4 /* QuizPage */,
				29B12D0B2C6B2A3C008FEAF4 /* Reuseable */,
				32714E532C6A52AD00EE6486 /* Flashcard */,
				32714E502C6A4F4700EE6486 /* Buttons */,
				293E0EE32C72FAC70062C2AD /* StoryView.swift */,
			);
			path = Views;
			sourceTree = "<group>";
		};
		29EBBBD42C5BAB4400AFCD60 /* ViewModels */ = {
			isa = PBXGroup;
			children = (
				29EBBBD82C5BABFB00AFCD60 /* ViewModel.swift */,
				32714E4C2C6A46FC00EE6486 /* FlashcardViewModel.swift */,
				293E0EE52C72FAD00062C2AD /* StoryViewModel.swift */,
			);
			path = ViewModels;
			sourceTree = "<group>";
		};
		29EBBBD52C5BAB4E00AFCD60 /* Models */ = {
			isa = PBXGroup;
			children = (
				293E0EBF2C6DB1B20062C2AD /* APIResponse.swift */,
				29EBBBDA2C5BAC0D00AFCD60 /* PinyinOutputFormat.swift */,
				293E0EC72C6DC9560062C2AD /* StoryModel.swift */,
			);
			path = Models;
			sourceTree = "<group>";
		};
		323B23932C72397600A3403E /* Controllers */ = {
			isa = PBXGroup;
			children = (
				323B23942C7239A200A3403E /* RecordViewController.swift */,
			);
			path = Controllers;
			sourceTree = "<group>";
		};
		323B239C2C724AA900A3403E /* Recording */ = {
			isa = PBXGroup;
			children = (
				323B23982C723A3300A3403E /* RecordView.swift */,
				323B239A2C723B1200A3403E /* RecordingView.swift */,
				323B23962C723A0700A3403E /* RecordViewWrapper.swift */,
			);
			path = Recording;
			sourceTree = "<group>";
		};
		323B239D2C724B2500A3403E /* Bubble */ = {
			isa = PBXGroup;
			children = (
				293E0EA82C6CEDC20062C2AD /* BubbleChat.swift */,
				3252BDA52C6D0A4000CE8CEE /* BubbleChatNext.swift */,
				293E0EAA2C6CF8A30062C2AD /* BubbleChatTail.swift */,
			);
			path = Bubble;
			sourceTree = "<group>";
		};
		323B239E2C724B5800A3403E /* Animation */ = {
			isa = PBXGroup;
			children = (
				293E0E952C6C701A0062C2AD /* TalkingView.swift */,
			);
			path = Animation;
			sourceTree = "<group>";
		};
		323B239F2C724B9D00A3403E /* Quiz */ = {
			isa = PBXGroup;
			children = (
				29B12D0C2C6B2A53008FEAF4 /* QuizHanzi.swift */,
				29B12D0E2C6B2B8B008FEAF4 /* RectangleChoose.swift */,
			);
			path = Quiz;
			sourceTree = "<group>";
		};
		323B23A02C724BAC00A3403E /* Feedback */ = {
			isa = PBXGroup;
			children = (
				29EBBBD62C5BABF000AFCD60 /* Correct.swift */,
				29B12CB12C65BFF5008FEAF4 /* Wrong.swift */,
			);
			path = Feedback;
			sourceTree = "<group>";
		};
		3252BDA22C6CFB5500CE8CEE /* Scene1_School */ = {
			isa = PBXGroup;
			children = (
				3252BDA32C6CFB8A00CE8CEE /* OnboardingPage.swift */,
			);
			path = Scene1_School;
			sourceTree = "<group>";
		};
		32714E502C6A4F4700EE6486 /* Buttons */ = {
			isa = PBXGroup;
			children = (
				32714E512C6A4F6E00EE6486 /* SoundButton.swift */,
				293E0E8D2C6C62A00062C2AD /* FCNavigationButton.swift */,
				29B12D092C6B2909008FEAF4 /* BackButton.swift */,
				3252BD7F2C6CAD1800CE8CEE /* UpperButtons.swift */,
				29B12D152C6C4E64008FEAF4 /* FlashcardButton.swift */,
			);
			path = Buttons;
			sourceTree = "<group>";
		};
		32714E532C6A52AD00EE6486 /* Flashcard */ = {
			isa = PBXGroup;
			children = (
				32714E4A2C6A443500EE6486 /* FlashcardView.swift */,
				32714E4E2C6A47EE00EE6486 /* FlashcardListView.swift */,
				32714E542C6A539A00EE6486 /* FlashcardSwipeView.swift */,
			);
			path = Flashcard;
			sourceTree = "<group>";
		};
/* End PBXGroup section */

/* Begin PBXNativeTarget section */
		293E0EB52C6DAD1E0062C2AD /* HXDTests */ = {
			isa = PBXNativeTarget;
			buildConfigurationList = 293E0EBC2C6DAD1E0062C2AD /* Build configuration list for PBXNativeTarget "HXDTests" */;
			buildPhases = (
				293E0EB22C6DAD1E0062C2AD /* Sources */,
				293E0EB32C6DAD1E0062C2AD /* Frameworks */,
				293E0EB42C6DAD1E0062C2AD /* Resources */,
			);
			buildRules = (
			);
			dependencies = (
				293E0EBB2C6DAD1E0062C2AD /* PBXTargetDependency */,
			);
			name = HXDTests;
			productName = HXDTests;
			productReference = 293E0EB62C6DAD1E0062C2AD /* HXDTests.xctest */;
			productType = "com.apple.product-type.bundle.unit-test";
		};
		29EBBBC12C5BAB0600AFCD60 /* HXD */ = {
			isa = PBXNativeTarget;
			buildConfigurationList = 29EBBBD02C5BAB0700AFCD60 /* Build configuration list for PBXNativeTarget "HXD" */;
			buildPhases = (
				29EBBBBE2C5BAB0600AFCD60 /* Sources */,
				29EBBBBF2C5BAB0600AFCD60 /* Frameworks */,
				29EBBBC02C5BAB0600AFCD60 /* Resources */,
			);
			buildRules = (
			);
			dependencies = (
			);
			name = HXD;
			productName = HXD;
			productReference = 29EBBBC22C5BAB0600AFCD60 /* HXD.app */;
			productType = "com.apple.product-type.application";
		};
/* End PBXNativeTarget section */

/* Begin PBXProject section */
		29EBBBBA2C5BAB0600AFCD60 /* Project object */ = {
			isa = PBXProject;
			attributes = {
				BuildIndependentTargetsInParallel = 1;
				LastSwiftUpdateCheck = 1540;
				LastUpgradeCheck = 1540;
				TargetAttributes = {
					293E0EB52C6DAD1E0062C2AD = {
						CreatedOnToolsVersion = 15.4;
						TestTargetID = 29EBBBC12C5BAB0600AFCD60;
					};
					29EBBBC12C5BAB0600AFCD60 = {
						CreatedOnToolsVersion = 15.4;
					};
				};
			};
			buildConfigurationList = 29EBBBBD2C5BAB0600AFCD60 /* Build configuration list for PBXProject "HXD" */;
			compatibilityVersion = "Xcode 14.0";
			developmentRegion = en;
			hasScannedForEncodings = 0;
			knownRegions = (
				en,
				Base,
			);
			mainGroup = 29EBBBB92C5BAB0600AFCD60;
			productRefGroup = 29EBBBC32C5BAB0600AFCD60 /* Products */;
			projectDirPath = "";
			projectRoot = "";
			targets = (
				29EBBBC12C5BAB0600AFCD60 /* HXD */,
				293E0EB52C6DAD1E0062C2AD /* HXDTests */,
			);
		};
/* End PBXProject section */

/* Begin PBXResourcesBuildPhase section */
		293E0EB42C6DAD1E0062C2AD /* Resources */ = {
			isa = PBXResourcesBuildPhase;
			buildActionMask = 2147483647;
			files = (
			);
			runOnlyForDeploymentPostprocessing = 0;
		};
		29EBBBC02C5BAB0600AFCD60 /* Resources */ = {
			isa = PBXResourcesBuildPhase;
			buildActionMask = 2147483647;
			files = (
				29B12CA92C646AE9008FEAF4 /* unicode_to_hanyu_pinyin.txt in Resources */,
				29EBBBCD2C5BAB0700AFCD60 /* Preview Assets.xcassets in Resources */,
				29EBBBCA2C5BAB0700AFCD60 /* Assets.xcassets in Resources */,
				293E0EDE2C706B230062C2AD /* quizpage.json in Resources */,
			);
			runOnlyForDeploymentPostprocessing = 0;
		};
/* End PBXResourcesBuildPhase section */

/* Begin PBXSourcesBuildPhase section */
		293E0EB22C6DAD1E0062C2AD /* Sources */ = {
			isa = PBXSourcesBuildPhase;
			buildActionMask = 2147483647;
			files = (
				293E0EB92C6DAD1E0062C2AD /* HXDTests.swift in Sources */,
			);
			runOnlyForDeploymentPostprocessing = 0;
		};
		29EBBBBE2C5BAB0600AFCD60 /* Sources */ = {
			isa = PBXSourcesBuildPhase;
			buildActionMask = 2147483647;
			files = (
				29B12D162C6C4E64008FEAF4 /* FlashcardButton.swift in Sources */,
				293E0E962C6C701A0062C2AD /* TalkingView.swift in Sources */,
				29B12D142C6B9E7A008FEAF4 /* HandleButtonClick.swift in Sources */,
				32714E522C6A4F6E00EE6486 /* SoundButton.swift in Sources */,
				293E0ED82C6EFCD20062C2AD /* RectangleButton.swift in Sources */,
				29B12CA22C6467D0008FEAF4 /* PinyinFormatter.swift in Sources */,
				32714E4B2C6A443500EE6486 /* FlashcardView.swift in Sources */,
				29B12CAE2C64CABD008FEAF4 /* TextToSpeech.swift in Sources */,
				29B12D0A2C6B2909008FEAF4 /* BackButton.swift in Sources */,
				29EBBBDB2C5BAC0D00AFCD60 /* PinyinOutputFormat.swift in Sources */,
				29B12D0D2C6B2A53008FEAF4 /* QuizHanzi.swift in Sources */,
				29EBBBC82C5BAB0600AFCD60 /* ContentView.swift in Sources */,
				29B12C9D2C6466AE008FEAF4 /* HanziToPinyin.swift in Sources */,
				29B12D122C6B9409008FEAF4 /* QuizPage.swift in Sources */,
				32714E552C6A539A00EE6486 /* FlashcardSwipeView.swift in Sources */,
				29B12C9B2C632B85008FEAF4 /* SpeechRecognizerProtocol.swift in Sources */,
				293E0EC62C6DB1CB0062C2AD /* Recorder.swift in Sources */,
				293E0ECA2C6DCA470062C2AD /* FetchJSON.swift in Sources */,
				293E0EE62C72FAD00062C2AD /* StoryViewModel.swift in Sources */,
				293E0E942C6C67420062C2AD /* ConfirmationView.swift in Sources */,
				32714E4F2C6A47EE00EE6486 /* FlashcardListView.swift in Sources */,
				293E0EAB2C6CF8A30062C2AD /* BubbleChatTail.swift in Sources */,
				32714E4D2C6A46FC00EE6486 /* FlashcardViewModel.swift in Sources */,
				3252BDA42C6CFB8A00CE8CEE /* OnboardingPage.swift in Sources */,
				29EBBBC62C5BAB0600AFCD60 /* HXDApp.swift in Sources */,
				323B239B2C723B1200A3403E /* RecordingView.swift in Sources */,
				29B12CB22C65BFF5008FEAF4 /* Wrong.swift in Sources */,
				293E0EC32C6DB1BC0062C2AD /* HuggingFace.swift in Sources */,
				3252BD802C6CAD1800CE8CEE /* UpperButtons.swift in Sources */,
				293E0EA92C6CEDC20062C2AD /* BubbleChat.swift in Sources */,
				293E0ED42C6EFCC00062C2AD /* HomePage.swift in Sources */,
				293E0E9A2C6CD00D0062C2AD /* TalkingAnimationProtocol.swift in Sources */,
				29B12CB02C64D1F0008FEAF4 /* TextToSpeechProtocol.swift in Sources */,
				293E0E922C6C64DD0062C2AD /* QuizTop.swift in Sources */,
				293E0ED62C6EFCC90062C2AD /* HomeCard.swift in Sources */,
				29B12CA52C6468C0008FEAF4 /* HanziPinyinResources.swift in Sources */,
				323B23972C723A0700A3403E /* RecordViewWrapper.swift in Sources */,
				293E0E8E2C6C62A00062C2AD /* FCNavigationButton.swift in Sources */,
				323B23992C723A3300A3403E /* RecordView.swift in Sources */,
				29B12C952C631A7B008FEAF4 /* SpeechRecognizer.swift in Sources */,
				3252BDA62C6D0A4000CE8CEE /* BubbleChatNext.swift in Sources */,
				29B12D0F2C6B2B8B008FEAF4 /* RectangleChoose.swift in Sources */,
				323B23952C7239A200A3403E /* RecordViewController.swift in Sources */,
				29EBBBD92C5BABFB00AFCD60 /* ViewModel.swift in Sources */,
				293E0EC82C6DC9560062C2AD /* StoryModel.swift in Sources */,
				293E0E982C6CCFDD0062C2AD /* TalkingAnimation.swift in Sources */,
				293E0EE42C72FAC70062C2AD /* StoryView.swift in Sources */,
				29B12CA02C6467A1008FEAF4 /* HanziPinyin.swift in Sources */,
				29EBBBD72C5BABF000AFCD60 /* Correct.swift in Sources */,
				293E0EC02C6DB1B20062C2AD /* APIResponse.swift in Sources */,
			);
			runOnlyForDeploymentPostprocessing = 0;
		};
/* End PBXSourcesBuildPhase section */

/* Begin PBXTargetDependency section */
		293E0EBB2C6DAD1E0062C2AD /* PBXTargetDependency */ = {
			isa = PBXTargetDependency;
			target = 29EBBBC12C5BAB0600AFCD60 /* HXD */;
			targetProxy = 293E0EBA2C6DAD1E0062C2AD /* PBXContainerItemProxy */;
		};
/* End PBXTargetDependency section */

/* Begin XCBuildConfiguration section */
		293E0EBD2C6DAD1E0062C2AD /* Debug */ = {
			isa = XCBuildConfiguration;
			buildSettings = {
				BUNDLE_LOADER = "$(TEST_HOST)";
				CODE_SIGN_STYLE = Automatic;
				CURRENT_PROJECT_VERSION = 1;
				DEVELOPMENT_TEAM = M793N4X6S7;
				GENERATE_INFOPLIST_FILE = YES;
				MARKETING_VERSION = 1.0;
				PRODUCT_BUNDLE_IDENTIFIER = mini3.HXDTests;
				PRODUCT_NAME = "$(TARGET_NAME)";
				SWIFT_EMIT_LOC_STRINGS = NO;
				SWIFT_VERSION = 5.0;
				TARGETED_DEVICE_FAMILY = "1,2";
				TEST_HOST = "$(BUILT_PRODUCTS_DIR)/HXD.app/$(BUNDLE_EXECUTABLE_FOLDER_PATH)/HXD";
			};
			name = Debug;
		};
		293E0EBE2C6DAD1E0062C2AD /* Release */ = {
			isa = XCBuildConfiguration;
			buildSettings = {
				BUNDLE_LOADER = "$(TEST_HOST)";
				CODE_SIGN_STYLE = Automatic;
				CURRENT_PROJECT_VERSION = 1;
				DEVELOPMENT_TEAM = M793N4X6S7;
				GENERATE_INFOPLIST_FILE = YES;
				MARKETING_VERSION = 1.0;
				PRODUCT_BUNDLE_IDENTIFIER = mini3.HXDTests;
				PRODUCT_NAME = "$(TARGET_NAME)";
				SWIFT_EMIT_LOC_STRINGS = NO;
				SWIFT_VERSION = 5.0;
				TARGETED_DEVICE_FAMILY = "1,2";
				TEST_HOST = "$(BUILT_PRODUCTS_DIR)/HXD.app/$(BUNDLE_EXECUTABLE_FOLDER_PATH)/HXD";
			};
			name = Release;
		};
		29EBBBCE2C5BAB0700AFCD60 /* Debug */ = {
			isa = XCBuildConfiguration;
			buildSettings = {
				ALWAYS_SEARCH_USER_PATHS = NO;
				ASSETCATALOG_COMPILER_GENERATE_SWIFT_ASSET_SYMBOL_EXTENSIONS = YES;
				CLANG_ANALYZER_NONNULL = YES;
				CLANG_ANALYZER_NUMBER_OBJECT_CONVERSION = YES_AGGRESSIVE;
				CLANG_CXX_LANGUAGE_STANDARD = "gnu++20";
				CLANG_ENABLE_MODULES = YES;
				CLANG_ENABLE_OBJC_ARC = YES;
				CLANG_ENABLE_OBJC_WEAK = YES;
				CLANG_WARN_BLOCK_CAPTURE_AUTORELEASING = YES;
				CLANG_WARN_BOOL_CONVERSION = YES;
				CLANG_WARN_COMMA = YES;
				CLANG_WARN_CONSTANT_CONVERSION = YES;
				CLANG_WARN_DEPRECATED_OBJC_IMPLEMENTATIONS = YES;
				CLANG_WARN_DIRECT_OBJC_ISA_USAGE = YES_ERROR;
				CLANG_WARN_DOCUMENTATION_COMMENTS = YES;
				CLANG_WARN_EMPTY_BODY = YES;
				CLANG_WARN_ENUM_CONVERSION = YES;
				CLANG_WARN_INFINITE_RECURSION = YES;
				CLANG_WARN_INT_CONVERSION = YES;
				CLANG_WARN_NON_LITERAL_NULL_CONVERSION = YES;
				CLANG_WARN_OBJC_IMPLICIT_RETAIN_SELF = YES;
				CLANG_WARN_OBJC_LITERAL_CONVERSION = YES;
				CLANG_WARN_OBJC_ROOT_CLASS = YES_ERROR;
				CLANG_WARN_QUOTED_INCLUDE_IN_FRAMEWORK_HEADER = YES;
				CLANG_WARN_RANGE_LOOP_ANALYSIS = YES;
				CLANG_WARN_STRICT_PROTOTYPES = YES;
				CLANG_WARN_SUSPICIOUS_MOVE = YES;
				CLANG_WARN_UNGUARDED_AVAILABILITY = YES_AGGRESSIVE;
				CLANG_WARN_UNREACHABLE_CODE = YES;
				CLANG_WARN__DUPLICATE_METHOD_MATCH = YES;
				COPY_PHASE_STRIP = NO;
				DEBUG_INFORMATION_FORMAT = dwarf;
				ENABLE_STRICT_OBJC_MSGSEND = YES;
				ENABLE_TESTABILITY = YES;
				ENABLE_USER_SCRIPT_SANDBOXING = YES;
				GCC_C_LANGUAGE_STANDARD = gnu17;
				GCC_DYNAMIC_NO_PIC = NO;
				GCC_NO_COMMON_BLOCKS = YES;
				GCC_OPTIMIZATION_LEVEL = 0;
				GCC_PREPROCESSOR_DEFINITIONS = (
					"DEBUG=1",
					"$(inherited)",
				);
				GCC_WARN_64_TO_32_BIT_CONVERSION = YES;
				GCC_WARN_ABOUT_RETURN_TYPE = YES_ERROR;
				GCC_WARN_UNDECLARED_SELECTOR = YES;
				GCC_WARN_UNINITIALIZED_AUTOS = YES_AGGRESSIVE;
				GCC_WARN_UNUSED_FUNCTION = YES;
				GCC_WARN_UNUSED_VARIABLE = YES;
				IPHONEOS_DEPLOYMENT_TARGET = 17.5;
				LOCALIZATION_PREFERS_STRING_CATALOGS = YES;
				MTL_ENABLE_DEBUG_INFO = INCLUDE_SOURCE;
				MTL_FAST_MATH = YES;
				ONLY_ACTIVE_ARCH = YES;
				SDKROOT = iphoneos;
				SWIFT_ACTIVE_COMPILATION_CONDITIONS = "DEBUG $(inherited)";
				SWIFT_OPTIMIZATION_LEVEL = "-Onone";
			};
			name = Debug;
		};
		29EBBBCF2C5BAB0700AFCD60 /* Release */ = {
			isa = XCBuildConfiguration;
			buildSettings = {
				ALWAYS_SEARCH_USER_PATHS = NO;
				ASSETCATALOG_COMPILER_GENERATE_SWIFT_ASSET_SYMBOL_EXTENSIONS = YES;
				CLANG_ANALYZER_NONNULL = YES;
				CLANG_ANALYZER_NUMBER_OBJECT_CONVERSION = YES_AGGRESSIVE;
				CLANG_CXX_LANGUAGE_STANDARD = "gnu++20";
				CLANG_ENABLE_MODULES = YES;
				CLANG_ENABLE_OBJC_ARC = YES;
				CLANG_ENABLE_OBJC_WEAK = YES;
				CLANG_WARN_BLOCK_CAPTURE_AUTORELEASING = YES;
				CLANG_WARN_BOOL_CONVERSION = YES;
				CLANG_WARN_COMMA = YES;
				CLANG_WARN_CONSTANT_CONVERSION = YES;
				CLANG_WARN_DEPRECATED_OBJC_IMPLEMENTATIONS = YES;
				CLANG_WARN_DIRECT_OBJC_ISA_USAGE = YES_ERROR;
				CLANG_WARN_DOCUMENTATION_COMMENTS = YES;
				CLANG_WARN_EMPTY_BODY = YES;
				CLANG_WARN_ENUM_CONVERSION = YES;
				CLANG_WARN_INFINITE_RECURSION = YES;
				CLANG_WARN_INT_CONVERSION = YES;
				CLANG_WARN_NON_LITERAL_NULL_CONVERSION = YES;
				CLANG_WARN_OBJC_IMPLICIT_RETAIN_SELF = YES;
				CLANG_WARN_OBJC_LITERAL_CONVERSION = YES;
				CLANG_WARN_OBJC_ROOT_CLASS = YES_ERROR;
				CLANG_WARN_QUOTED_INCLUDE_IN_FRAMEWORK_HEADER = YES;
				CLANG_WARN_RANGE_LOOP_ANALYSIS = YES;
				CLANG_WARN_STRICT_PROTOTYPES = YES;
				CLANG_WARN_SUSPICIOUS_MOVE = YES;
				CLANG_WARN_UNGUARDED_AVAILABILITY = YES_AGGRESSIVE;
				CLANG_WARN_UNREACHABLE_CODE = YES;
				CLANG_WARN__DUPLICATE_METHOD_MATCH = YES;
				COPY_PHASE_STRIP = NO;
				DEBUG_INFORMATION_FORMAT = "dwarf-with-dsym";
				ENABLE_NS_ASSERTIONS = NO;
				ENABLE_STRICT_OBJC_MSGSEND = YES;
				ENABLE_USER_SCRIPT_SANDBOXING = YES;
				GCC_C_LANGUAGE_STANDARD = gnu17;
				GCC_NO_COMMON_BLOCKS = YES;
				GCC_WARN_64_TO_32_BIT_CONVERSION = YES;
				GCC_WARN_ABOUT_RETURN_TYPE = YES_ERROR;
				GCC_WARN_UNDECLARED_SELECTOR = YES;
				GCC_WARN_UNINITIALIZED_AUTOS = YES_AGGRESSIVE;
				GCC_WARN_UNUSED_FUNCTION = YES;
				GCC_WARN_UNUSED_VARIABLE = YES;
				IPHONEOS_DEPLOYMENT_TARGET = 17.5;
				LOCALIZATION_PREFERS_STRING_CATALOGS = YES;
				MTL_ENABLE_DEBUG_INFO = NO;
				MTL_FAST_MATH = YES;
				SDKROOT = iphoneos;
				SWIFT_COMPILATION_MODE = wholemodule;
				VALIDATE_PRODUCT = YES;
			};
			name = Release;
		};
		29EBBBD12C5BAB0700AFCD60 /* Debug */ = {
			isa = XCBuildConfiguration;
			buildSettings = {
				ASSETCATALOG_COMPILER_APPICON_NAME = AppIcon;
				ASSETCATALOG_COMPILER_GLOBAL_ACCENT_COLOR_NAME = AccentColor;
				CODE_SIGN_STYLE = Automatic;
				CURRENT_PROJECT_VERSION = 1;
				DEVELOPMENT_ASSET_PATHS = "\"HXD/Preview Content\"";
				DEVELOPMENT_TEAM = M793N4X6S7;
				ENABLE_PREVIEWS = YES;
				GENERATE_INFOPLIST_FILE = YES;
				INFOPLIST_KEY_NSMicrophoneUsageDescription = "";
				INFOPLIST_KEY_NSSpeechRecognitionUsageDescription = "";
				INFOPLIST_KEY_UIApplicationSceneManifest_Generation = YES;
				INFOPLIST_KEY_UIApplicationSupportsIndirectInputEvents = YES;
				INFOPLIST_KEY_UILaunchScreen_Generation = YES;
				INFOPLIST_KEY_UISupportedInterfaceOrientations_iPad = "UIInterfaceOrientationPortrait UIInterfaceOrientationPortraitUpsideDown UIInterfaceOrientationLandscapeLeft UIInterfaceOrientationLandscapeRight";
				INFOPLIST_KEY_UISupportedInterfaceOrientations_iPhone = "UIInterfaceOrientationPortrait UIInterfaceOrientationLandscapeLeft UIInterfaceOrientationLandscapeRight";
				IPHONEOS_DEPLOYMENT_TARGET = 17.5;
				LD_RUNPATH_SEARCH_PATHS = (
					"$(inherited)",
					"@executable_path/Frameworks",
				);
				MARKETING_VERSION = 1.0;
				PRODUCT_BUNDLE_IDENTIFIER = mini3.HXD;
				PRODUCT_NAME = "$(TARGET_NAME)";
				SWIFT_EMIT_LOC_STRINGS = YES;
				SWIFT_VERSION = 5.0;
				TARGETED_DEVICE_FAMILY = "1,2";
			};
			name = Debug;
		};
		29EBBBD22C5BAB0700AFCD60 /* Release */ = {
			isa = XCBuildConfiguration;
			buildSettings = {
				ASSETCATALOG_COMPILER_APPICON_NAME = AppIcon;
				ASSETCATALOG_COMPILER_GLOBAL_ACCENT_COLOR_NAME = AccentColor;
				CODE_SIGN_STYLE = Automatic;
				CURRENT_PROJECT_VERSION = 1;
				DEVELOPMENT_ASSET_PATHS = "\"HXD/Preview Content\"";
				DEVELOPMENT_TEAM = M793N4X6S7;
				ENABLE_PREVIEWS = YES;
				GENERATE_INFOPLIST_FILE = YES;
				INFOPLIST_KEY_NSMicrophoneUsageDescription = "";
				INFOPLIST_KEY_NSSpeechRecognitionUsageDescription = "";
				INFOPLIST_KEY_UIApplicationSceneManifest_Generation = YES;
				INFOPLIST_KEY_UIApplicationSupportsIndirectInputEvents = YES;
				INFOPLIST_KEY_UILaunchScreen_Generation = YES;
				INFOPLIST_KEY_UISupportedInterfaceOrientations_iPad = "UIInterfaceOrientationPortrait UIInterfaceOrientationPortraitUpsideDown UIInterfaceOrientationLandscapeLeft UIInterfaceOrientationLandscapeRight";
				INFOPLIST_KEY_UISupportedInterfaceOrientations_iPhone = "UIInterfaceOrientationPortrait UIInterfaceOrientationLandscapeLeft UIInterfaceOrientationLandscapeRight";
				IPHONEOS_DEPLOYMENT_TARGET = 17.5;
				LD_RUNPATH_SEARCH_PATHS = (
					"$(inherited)",
					"@executable_path/Frameworks",
				);
				MARKETING_VERSION = 1.0;
				PRODUCT_BUNDLE_IDENTIFIER = mini3.HXD;
				PRODUCT_NAME = "$(TARGET_NAME)";
				SWIFT_EMIT_LOC_STRINGS = YES;
				SWIFT_VERSION = 5.0;
				TARGETED_DEVICE_FAMILY = "1,2";
			};
			name = Release;
		};
/* End XCBuildConfiguration section */

/* Begin XCConfigurationList section */
		293E0EBC2C6DAD1E0062C2AD /* Build configuration list for PBXNativeTarget "HXDTests" */ = {
			isa = XCConfigurationList;
			buildConfigurations = (
				293E0EBD2C6DAD1E0062C2AD /* Debug */,
				293E0EBE2C6DAD1E0062C2AD /* Release */,
			);
			defaultConfigurationIsVisible = 0;
			defaultConfigurationName = Release;
		};
		29EBBBBD2C5BAB0600AFCD60 /* Build configuration list for PBXProject "HXD" */ = {
			isa = XCConfigurationList;
			buildConfigurations = (
				29EBBBCE2C5BAB0700AFCD60 /* Debug */,
				29EBBBCF2C5BAB0700AFCD60 /* Release */,
			);
			defaultConfigurationIsVisible = 0;
			defaultConfigurationName = Release;
		};
		29EBBBD02C5BAB0700AFCD60 /* Build configuration list for PBXNativeTarget "HXD" */ = {
			isa = XCConfigurationList;
			buildConfigurations = (
				29EBBBD12C5BAB0700AFCD60 /* Debug */,
				29EBBBD22C5BAB0700AFCD60 /* Release */,
			);
			defaultConfigurationIsVisible = 0;
			defaultConfigurationName = Release;
		};
/* End XCConfigurationList section */
	};
	rootObject = 29EBBBBA2C5BAB0600AFCD60 /* Project object */;
}
